{
  "version": 4,
  "terraform_version": "1.5.7",
  "serial": 76,
  "lineage": "594587ac-ce14-f843-9df1-c3d90c448730",
  "outputs": {
    "control-plane": {
      "value": {
        "k3s-control-31": "10.0.9.148",
        "k3s-control-32": "10.0.9.143",
        "k3s-control-33": "10.0.9.144"
      },
      "type": [
        "object",
        {
          "k3s-control-31": "string",
          "k3s-control-32": "string",
          "k3s-control-33": "string"
        }
      ]
    },
    "worker": {
      "value": {
        "k3s-worker-40": "10.0.9.141",
        "k3s-worker-41": "10.0.9.142"
      },
      "type": [
        "object",
        {
          "k3s-worker-40": "string",
          "k3s-worker-41": "string"
        }
      ]
    }
  },
  "resources": [
    {
      "mode": "managed",
      "type": "proxmox_vm_qemu",
      "name": "control-plane",
      "provider": "provider[\"registry.terraform.io/telmate/proxmox\"]",
      "instances": [
        {
          "index_key": 0,
          "schema_version": 0,
          "attributes": {
            "additional_wait": 5,
            "agent": 1,
            "args": "",
            "automatic_reboot": true,
            "balloon": 0,
            "bios": "seabios",
            "boot": "order=scsi0;net0",
            "bootdisk": "scsi0",
            "bridge": null,
            "ci_wait": null,
            "cicustom": "",
            "cipassword": "",
            "ciuser": "",
            "clone": "ubuntu-server-jammy",
            "clone_wait": 10,
            "cloudinit_cdrom_storage": null,
            "cores": 2,
            "cpu": "host",
            "default_ipv4_address": "10.0.9.148",
            "define_connection_info": true,
            "desc": "Ubuntu Server 22.04 LTS (Jammy Jellyfish) Image",
            "disk": [
              {
                "aio": "",
                "backup": true,
                "cache": "none",
                "discard": "",
                "file": "vm-231-disk-0",
                "format": "raw",
                "iops": 0,
                "iops_max": 0,
                "iops_max_length": 0,
                "iops_rd": 0,
                "iops_rd_max": 0,
                "iops_rd_max_length": 0,
                "iops_wr": 0,
                "iops_wr_max": 0,
                "iops_wr_max_length": 0,
                "iothread": 0,
                "mbps": 0,
                "mbps_rd": 0,
                "mbps_rd_max": 0,
                "mbps_wr": 0,
                "mbps_wr_max": 0,
                "media": "",
                "replicate": 0,
                "size": "20G",
                "slot": 0,
                "ssd": 0,
                "storage": "nvme-lvm",
                "storage_type": "lvmthin",
                "type": "scsi",
                "volume": "nvme-lvm:vm-231-disk-0"
              }
            ],
            "disk_gb": null,
            "force_create": false,
            "force_recreate_on_change_of": null,
            "full_clone": true,
            "guest_agent_ready_timeout": 100,
            "hagroup": "",
            "hastate": "",
            "hostpci": [],
            "hotplug": "network,disk,usb",
            "id": "pve/qemu/231",
            "ipconfig0": "ip=10.0.9.31/24,gw=10.0.9.24",
            "ipconfig1": "",
            "ipconfig10": "",
            "ipconfig11": "",
            "ipconfig12": "",
            "ipconfig13": "",
            "ipconfig14": "",
            "ipconfig15": "",
            "ipconfig2": "",
            "ipconfig3": "",
            "ipconfig4": "",
            "ipconfig5": "",
            "ipconfig6": "",
            "ipconfig7": "",
            "ipconfig8": "",
            "ipconfig9": "",
            "iso": null,
            "kvm": true,
            "mac": null,
            "machine": "",
            "memory": 4096,
            "name": "k3s-control-31",
            "nameserver": "",
            "network": [
              {
                "bridge": "vmbr0",
                "firewall": false,
                "link_down": false,
                "macaddr": "7A:C7:4D:BE:9B:76",
                "model": "virtio",
                "mtu": 0,
                "queues": 0,
                "rate": 0,
                "tag": -1
              }
            ],
            "nic": null,
            "numa": false,
            "onboot": false,
            "oncreate": true,
            "os_network_config": null,
            "os_type": "cloud-init",
            "pool": "",
            "preprovision": true,
            "pxe": null,
            "qemu_os": "other",
            "reboot_required": false,
            "scsihw": "virtio-scsi-pci",
            "searchdomain": "",
            "serial": [],
            "sockets": 1,
            "ssh_forward_ip": null,
            "ssh_host": "10.0.9.148",
            "ssh_port": "22",
            "ssh_private_key": null,
            "ssh_user": null,
            "sshkeys": "ssh-rsa AAAAB3NzaC1yc2EAAAADAQABAAABgQCcF1A9VFjMc6UAHTV6oAjqoCl5T06bBWAFtxPeWvXpPGHHmGbm8uPWrBT+OshDykP0mrEri163Uc8iujVmzSxqNBQWBMSA5C6EzqyjvswQf0zy0nCOqpqt0R+gTRckHG0Q4P5wjd3aP6UGR3B1+4YtKT72Ynx9xV1cm7SHrD0DGOB2Au4459M6iF+gmUCrMHLopkfCnauzl/DL/tzTX2IaAOigMKhKzuF5kIxiRLnm9XQVxj3BmVNlfGh4/qSmRYje0pjkR5qklHU7A+VLivhDeifP0ff9RwnofsCM1RQ4Rg43AXMFp+pAB37RQLWwGZzVM/4xQUcpVq/v3jvJJRaIgQHXYmNunUiWwsfHvhRpT7tH1MgrCsy/vCFOXQFOiwcOdc4TtURGg2XcPRfXcvO71sCeTvTprPvc+Glz0UxKxTL/m1g3ssUWn7U8kk+nL96UX5yPOo4JleNGTEHxUB1OOLWeyWTJtunJK8spz6k22JYukdZvBXpod9s7IWThBFU= vivishadow@126.com\n\n\n",
            "startup": "",
            "storage": null,
            "storage_type": null,
            "tablet": true,
            "tags": "control",
            "target_node": "pve",
            "timeouts": null,
            "unused_disk": [],
            "usb": [],
            "vcpus": 0,
            "vga": [],
            "vlan": -1,
            "vmid": 231
          },
          "sensitive_attributes": [],
          "private": "eyJlMmJmYjczMC1lY2FhLTExZTYtOGY4OC0zNDM2M2JjN2M0YzAiOnsiY3JlYXRlIjoxMjAwMDAwMDAwMDAwLCJkZWZhdWx0IjoxMjAwMDAwMDAwMDAwLCJkZWxldGUiOjEyMDAwMDAwMDAwMDAsInJlYWQiOjEyMDAwMDAwMDAwMDAsInVwZGF0ZSI6MTIwMDAwMDAwMDAwMH19"
        },
        {
          "index_key": 1,
          "schema_version": 0,
          "attributes": {
            "additional_wait": 5,
            "agent": 1,
            "args": "",
            "automatic_reboot": true,
            "balloon": 0,
            "bios": "seabios",
            "boot": "order=scsi0;net0",
            "bootdisk": "scsi0",
            "bridge": null,
            "ci_wait": null,
            "cicustom": "",
            "cipassword": "",
            "ciuser": "",
            "clone": "ubuntu-server-jammy",
            "clone_wait": 10,
            "cloudinit_cdrom_storage": null,
            "cores": 2,
            "cpu": "host",
            "default_ipv4_address": "10.0.9.143",
            "define_connection_info": true,
            "desc": "Ubuntu Server 22.04 LTS (Jammy Jellyfish) Image",
            "disk": [
              {
                "aio": "",
                "backup": true,
                "cache": "none",
                "discard": "",
                "file": "vm-232-disk-0",
                "format": "raw",
                "iops": 0,
                "iops_max": 0,
                "iops_max_length": 0,
                "iops_rd": 0,
                "iops_rd_max": 0,
                "iops_rd_max_length": 0,
                "iops_wr": 0,
                "iops_wr_max": 0,
                "iops_wr_max_length": 0,
                "iothread": 0,
                "mbps": 0,
                "mbps_rd": 0,
                "mbps_rd_max": 0,
                "mbps_wr": 0,
                "mbps_wr_max": 0,
                "media": "",
                "replicate": 0,
                "size": "20G",
                "slot": 0,
                "ssd": 0,
                "storage": "nvme-lvm",
                "storage_type": "lvmthin",
                "type": "scsi",
                "volume": "nvme-lvm:vm-232-disk-0"
              }
            ],
            "disk_gb": null,
            "force_create": false,
            "force_recreate_on_change_of": null,
            "full_clone": true,
            "guest_agent_ready_timeout": 100,
            "hagroup": "",
            "hastate": "",
            "hostpci": [],
            "hotplug": "network,disk,usb",
            "id": "pve/qemu/232",
            "ipconfig0": "ip=10.0.9.32/24,gw=10.0.9.24",
            "ipconfig1": "",
            "ipconfig10": "",
            "ipconfig11": "",
            "ipconfig12": "",
            "ipconfig13": "",
            "ipconfig14": "",
            "ipconfig15": "",
            "ipconfig2": "",
            "ipconfig3": "",
            "ipconfig4": "",
            "ipconfig5": "",
            "ipconfig6": "",
            "ipconfig7": "",
            "ipconfig8": "",
            "ipconfig9": "",
            "iso": null,
            "kvm": true,
            "mac": null,
            "machine": "",
            "memory": 4096,
            "name": "k3s-control-32",
            "nameserver": "",
            "network": [
              {
                "bridge": "vmbr0",
                "firewall": false,
                "link_down": false,
                "macaddr": "26:A7:C7:E6:FD:84",
                "model": "virtio",
                "mtu": 0,
                "queues": 0,
                "rate": 0,
                "tag": -1
              }
            ],
            "nic": null,
            "numa": false,
            "onboot": false,
            "oncreate": true,
            "os_network_config": null,
            "os_type": "cloud-init",
            "pool": "",
            "preprovision": true,
            "pxe": null,
            "qemu_os": "other",
            "reboot_required": false,
            "scsihw": "virtio-scsi-pci",
            "searchdomain": "",
            "serial": [],
            "sockets": 1,
            "ssh_forward_ip": null,
            "ssh_host": "10.0.9.143",
            "ssh_port": "22",
            "ssh_private_key": null,
            "ssh_user": null,
            "sshkeys": "ssh-rsa AAAAB3NzaC1yc2EAAAADAQABAAABgQCcF1A9VFjMc6UAHTV6oAjqoCl5T06bBWAFtxPeWvXpPGHHmGbm8uPWrBT+OshDykP0mrEri163Uc8iujVmzSxqNBQWBMSA5C6EzqyjvswQf0zy0nCOqpqt0R+gTRckHG0Q4P5wjd3aP6UGR3B1+4YtKT72Ynx9xV1cm7SHrD0DGOB2Au4459M6iF+gmUCrMHLopkfCnauzl/DL/tzTX2IaAOigMKhKzuF5kIxiRLnm9XQVxj3BmVNlfGh4/qSmRYje0pjkR5qklHU7A+VLivhDeifP0ff9RwnofsCM1RQ4Rg43AXMFp+pAB37RQLWwGZzVM/4xQUcpVq/v3jvJJRaIgQHXYmNunUiWwsfHvhRpT7tH1MgrCsy/vCFOXQFOiwcOdc4TtURGg2XcPRfXcvO71sCeTvTprPvc+Glz0UxKxTL/m1g3ssUWn7U8kk+nL96UX5yPOo4JleNGTEHxUB1OOLWeyWTJtunJK8spz6k22JYukdZvBXpod9s7IWThBFU= vivishadow@126.com\n\n",
            "startup": "",
            "storage": null,
            "storage_type": null,
            "tablet": true,
            "tags": "control",
            "target_node": "pve",
            "timeouts": null,
            "unused_disk": [],
            "usb": [],
            "vcpus": 0,
            "vga": [],
            "vlan": -1,
            "vmid": 232
          },
          "sensitive_attributes": [],
          "private": "eyJlMmJmYjczMC1lY2FhLTExZTYtOGY4OC0zNDM2M2JjN2M0YzAiOnsiY3JlYXRlIjoxMjAwMDAwMDAwMDAwLCJkZWZhdWx0IjoxMjAwMDAwMDAwMDAwLCJkZWxldGUiOjEyMDAwMDAwMDAwMDAsInJlYWQiOjEyMDAwMDAwMDAwMDAsInVwZGF0ZSI6MTIwMDAwMDAwMDAwMH19"
        },
        {
          "index_key": 2,
          "schema_version": 0,
          "attributes": {
            "additional_wait": 5,
            "agent": 1,
            "args": "",
            "automatic_reboot": true,
            "balloon": 0,
            "bios": "seabios",
            "boot": "order=scsi0;net0",
            "bootdisk": "scsi0",
            "bridge": null,
            "ci_wait": null,
            "cicustom": "",
            "cipassword": "",
            "ciuser": "",
            "clone": "ubuntu-server-jammy",
            "clone_wait": 10,
            "cloudinit_cdrom_storage": null,
            "cores": 2,
            "cpu": "host",
            "default_ipv4_address": "10.0.9.144",
            "define_connection_info": true,
            "desc": "Ubuntu Server 22.04 LTS (Jammy Jellyfish) Image",
            "disk": [
              {
                "aio": "",
                "backup": true,
                "cache": "none",
                "discard": "",
                "file": "vm-233-disk-0",
                "format": "raw",
                "iops": 0,
                "iops_max": 0,
                "iops_max_length": 0,
                "iops_rd": 0,
                "iops_rd_max": 0,
                "iops_rd_max_length": 0,
                "iops_wr": 0,
                "iops_wr_max": 0,
                "iops_wr_max_length": 0,
                "iothread": 0,
                "mbps": 0,
                "mbps_rd": 0,
                "mbps_rd_max": 0,
                "mbps_wr": 0,
                "mbps_wr_max": 0,
                "media": "",
                "replicate": 0,
                "size": "20G",
                "slot": 0,
                "ssd": 0,
                "storage": "nvme-lvm",
                "storage_type": "lvmthin",
                "type": "scsi",
                "volume": "nvme-lvm:vm-233-disk-0"
              }
            ],
            "disk_gb": null,
            "force_create": false,
            "force_recreate_on_change_of": null,
            "full_clone": true,
            "guest_agent_ready_timeout": 100,
            "hagroup": "",
            "hastate": "",
            "hostpci": [],
            "hotplug": "network,disk,usb",
            "id": "pve/qemu/233",
            "ipconfig0": "ip=10.0.9.33/24,gw=10.0.9.24",
            "ipconfig1": "",
            "ipconfig10": "",
            "ipconfig11": "",
            "ipconfig12": "",
            "ipconfig13": "",
            "ipconfig14": "",
            "ipconfig15": "",
            "ipconfig2": "",
            "ipconfig3": "",
            "ipconfig4": "",
            "ipconfig5": "",
            "ipconfig6": "",
            "ipconfig7": "",
            "ipconfig8": "",
            "ipconfig9": "",
            "iso": null,
            "kvm": true,
            "mac": null,
            "machine": "",
            "memory": 4096,
            "name": "k3s-control-33",
            "nameserver": "",
            "network": [
              {
                "bridge": "vmbr0",
                "firewall": false,
                "link_down": false,
                "macaddr": "3A:C0:B1:03:9E:E9",
                "model": "virtio",
                "mtu": 0,
                "queues": 0,
                "rate": 0,
                "tag": -1
              }
            ],
            "nic": null,
            "numa": false,
            "onboot": false,
            "oncreate": true,
            "os_network_config": null,
            "os_type": "cloud-init",
            "pool": "",
            "preprovision": true,
            "pxe": null,
            "qemu_os": "other",
            "reboot_required": false,
            "scsihw": "virtio-scsi-pci",
            "searchdomain": "",
            "serial": [],
            "sockets": 1,
            "ssh_forward_ip": null,
            "ssh_host": "10.0.9.144",
            "ssh_port": "22",
            "ssh_private_key": null,
            "ssh_user": null,
            "sshkeys": "ssh-rsa AAAAB3NzaC1yc2EAAAADAQABAAABgQCcF1A9VFjMc6UAHTV6oAjqoCl5T06bBWAFtxPeWvXpPGHHmGbm8uPWrBT+OshDykP0mrEri163Uc8iujVmzSxqNBQWBMSA5C6EzqyjvswQf0zy0nCOqpqt0R+gTRckHG0Q4P5wjd3aP6UGR3B1+4YtKT72Ynx9xV1cm7SHrD0DGOB2Au4459M6iF+gmUCrMHLopkfCnauzl/DL/tzTX2IaAOigMKhKzuF5kIxiRLnm9XQVxj3BmVNlfGh4/qSmRYje0pjkR5qklHU7A+VLivhDeifP0ff9RwnofsCM1RQ4Rg43AXMFp+pAB37RQLWwGZzVM/4xQUcpVq/v3jvJJRaIgQHXYmNunUiWwsfHvhRpT7tH1MgrCsy/vCFOXQFOiwcOdc4TtURGg2XcPRfXcvO71sCeTvTprPvc+Glz0UxKxTL/m1g3ssUWn7U8kk+nL96UX5yPOo4JleNGTEHxUB1OOLWeyWTJtunJK8spz6k22JYukdZvBXpod9s7IWThBFU= vivishadow@126.com\n\n",
            "startup": "",
            "storage": null,
            "storage_type": null,
            "tablet": true,
            "tags": "control",
            "target_node": "pve",
            "timeouts": null,
            "unused_disk": [],
            "usb": [],
            "vcpus": 0,
            "vga": [],
            "vlan": -1,
            "vmid": 233
          },
          "sensitive_attributes": [],
          "private": "eyJlMmJmYjczMC1lY2FhLTExZTYtOGY4OC0zNDM2M2JjN2M0YzAiOnsiY3JlYXRlIjoxMjAwMDAwMDAwMDAwLCJkZWZhdWx0IjoxMjAwMDAwMDAwMDAwLCJkZWxldGUiOjEyMDAwMDAwMDAwMDAsInJlYWQiOjEyMDAwMDAwMDAwMDAsInVwZGF0ZSI6MTIwMDAwMDAwMDAwMH19"
        }
      ]
    },
    {
      "mode": "managed",
      "type": "proxmox_vm_qemu",
      "name": "worker",
      "provider": "provider[\"registry.terraform.io/telmate/proxmox\"]",
      "instances": [
        {
          "index_key": 0,
          "schema_version": 0,
          "attributes": {
            "additional_wait": 5,
            "agent": 1,
            "args": "",
            "automatic_reboot": true,
            "balloon": 0,
            "bios": "seabios",
            "boot": "order=scsi0;net0",
            "bootdisk": "scsi0",
            "bridge": null,
            "ci_wait": null,
            "cicustom": "",
            "cipassword": "",
            "ciuser": "",
            "clone": "ubuntu-server-jammy",
            "clone_wait": 10,
            "cloudinit_cdrom_storage": null,
            "cores": 2,
            "cpu": "host",
            "default_ipv4_address": "10.0.9.141",
            "define_connection_info": true,
            "desc": "Ubuntu Server 22.04 LTS (Jammy Jellyfish) Image",
            "disk": [
              {
                "aio": "",
                "backup": true,
                "cache": "none",
                "discard": "",
                "file": "vm-241-disk-0",
                "format": "raw",
                "iops": 0,
                "iops_max": 0,
                "iops_max_length": 0,
                "iops_rd": 0,
                "iops_rd_max": 0,
                "iops_rd_max_length": 0,
                "iops_wr": 0,
                "iops_wr_max": 0,
                "iops_wr_max_length": 0,
                "iothread": 0,
                "mbps": 0,
                "mbps_rd": 0,
                "mbps_rd_max": 0,
                "mbps_wr": 0,
                "mbps_wr_max": 0,
                "media": "",
                "replicate": 0,
                "size": "40G",
                "slot": 0,
                "ssd": 0,
                "storage": "nvme-lvm",
                "storage_type": "lvmthin",
                "type": "scsi",
                "volume": "nvme-lvm:vm-241-disk-0"
              }
            ],
            "disk_gb": null,
            "force_create": false,
            "force_recreate_on_change_of": null,
            "full_clone": true,
            "guest_agent_ready_timeout": 100,
            "hagroup": "",
            "hastate": "",
            "hostpci": [],
            "hotplug": "network,disk,usb",
            "id": "pve/qemu/241",
            "ipconfig0": "ip=10.0.9.41/24,gw=10.0.9.24",
            "ipconfig1": "",
            "ipconfig10": "",
            "ipconfig11": "",
            "ipconfig12": "",
            "ipconfig13": "",
            "ipconfig14": "",
            "ipconfig15": "",
            "ipconfig2": "",
            "ipconfig3": "",
            "ipconfig4": "",
            "ipconfig5": "",
            "ipconfig6": "",
            "ipconfig7": "",
            "ipconfig8": "",
            "ipconfig9": "",
            "iso": null,
            "kvm": true,
            "mac": null,
            "machine": "",
            "memory": 4096,
            "name": "k3s-worker-40",
            "nameserver": "",
            "network": [
              {
                "bridge": "vmbr0",
                "firewall": false,
                "link_down": false,
                "macaddr": "C2:37:A4:29:34:07",
                "model": "virtio",
                "mtu": 0,
                "queues": 0,
                "rate": 0,
                "tag": -1
              }
            ],
            "nic": null,
            "numa": false,
            "onboot": false,
            "oncreate": true,
            "os_network_config": null,
            "os_type": "cloud-init",
            "pool": "",
            "preprovision": true,
            "pxe": null,
            "qemu_os": "other",
            "reboot_required": false,
            "scsihw": "virtio-scsi-pci",
            "searchdomain": "",
            "serial": [],
            "sockets": 1,
            "ssh_forward_ip": null,
            "ssh_host": "10.0.9.141",
            "ssh_port": "22",
            "ssh_private_key": null,
            "ssh_user": null,
            "sshkeys": "ssh-rsa AAAAB3NzaC1yc2EAAAADAQABAAABgQCcF1A9VFjMc6UAHTV6oAjqoCl5T06bBWAFtxPeWvXpPGHHmGbm8uPWrBT+OshDykP0mrEri163Uc8iujVmzSxqNBQWBMSA5C6EzqyjvswQf0zy0nCOqpqt0R+gTRckHG0Q4P5wjd3aP6UGR3B1+4YtKT72Ynx9xV1cm7SHrD0DGOB2Au4459M6iF+gmUCrMHLopkfCnauzl/DL/tzTX2IaAOigMKhKzuF5kIxiRLnm9XQVxj3BmVNlfGh4/qSmRYje0pjkR5qklHU7A+VLivhDeifP0ff9RwnofsCM1RQ4Rg43AXMFp+pAB37RQLWwGZzVM/4xQUcpVq/v3jvJJRaIgQHXYmNunUiWwsfHvhRpT7tH1MgrCsy/vCFOXQFOiwcOdc4TtURGg2XcPRfXcvO71sCeTvTprPvc+Glz0UxKxTL/m1g3ssUWn7U8kk+nL96UX5yPOo4JleNGTEHxUB1OOLWeyWTJtunJK8spz6k22JYukdZvBXpod9s7IWThBFU= vivishadow@126.com\n\n",
            "startup": "",
            "storage": null,
            "storage_type": null,
            "tablet": true,
            "tags": "worker",
            "target_node": "pve",
            "timeouts": null,
            "unused_disk": [],
            "usb": [],
            "vcpus": 0,
            "vga": [],
            "vlan": -1,
            "vmid": 241
          },
          "sensitive_attributes": [],
          "private": "eyJlMmJmYjczMC1lY2FhLTExZTYtOGY4OC0zNDM2M2JjN2M0YzAiOnsiY3JlYXRlIjoxMjAwMDAwMDAwMDAwLCJkZWZhdWx0IjoxMjAwMDAwMDAwMDAwLCJkZWxldGUiOjEyMDAwMDAwMDAwMDAsInJlYWQiOjEyMDAwMDAwMDAwMDAsInVwZGF0ZSI6MTIwMDAwMDAwMDAwMH19",
          "dependencies": [
            "proxmox_vm_qemu.control-plane"
          ]
        },
        {
          "index_key": 1,
          "schema_version": 0,
          "attributes": {
            "additional_wait": 5,
            "agent": 1,
            "args": "",
            "automatic_reboot": true,
            "balloon": 0,
            "bios": "seabios",
            "boot": "order=scsi0;net0",
            "bootdisk": "scsi0",
            "bridge": null,
            "ci_wait": null,
            "cicustom": "",
            "cipassword": "",
            "ciuser": "",
            "clone": "ubuntu-server-jammy",
            "clone_wait": 10,
            "cloudinit_cdrom_storage": null,
            "cores": 2,
            "cpu": "host",
            "default_ipv4_address": "10.0.9.142",
            "define_connection_info": true,
            "desc": "Ubuntu Server 22.04 LTS (Jammy Jellyfish) Image",
            "disk": [
              {
                "aio": "",
                "backup": true,
                "cache": "none",
                "discard": "",
                "file": "vm-242-disk-0",
                "format": "raw",
                "iops": 0,
                "iops_max": 0,
                "iops_max_length": 0,
                "iops_rd": 0,
                "iops_rd_max": 0,
                "iops_rd_max_length": 0,
                "iops_wr": 0,
                "iops_wr_max": 0,
                "iops_wr_max_length": 0,
                "iothread": 0,
                "mbps": 0,
                "mbps_rd": 0,
                "mbps_rd_max": 0,
                "mbps_wr": 0,
                "mbps_wr_max": 0,
                "media": "",
                "replicate": 0,
                "size": "40G",
                "slot": 0,
                "ssd": 0,
                "storage": "nvme-lvm",
                "storage_type": "lvmthin",
                "type": "scsi",
                "volume": "nvme-lvm:vm-242-disk-0"
              }
            ],
            "disk_gb": null,
            "force_create": false,
            "force_recreate_on_change_of": null,
            "full_clone": true,
            "guest_agent_ready_timeout": 100,
            "hagroup": "",
            "hastate": "",
            "hostpci": [],
            "hotplug": "network,disk,usb",
            "id": "pve/qemu/242",
            "ipconfig0": "ip=10.0.9.42/24,gw=10.0.9.24",
            "ipconfig1": "",
            "ipconfig10": "",
            "ipconfig11": "",
            "ipconfig12": "",
            "ipconfig13": "",
            "ipconfig14": "",
            "ipconfig15": "",
            "ipconfig2": "",
            "ipconfig3": "",
            "ipconfig4": "",
            "ipconfig5": "",
            "ipconfig6": "",
            "ipconfig7": "",
            "ipconfig8": "",
            "ipconfig9": "",
            "iso": null,
            "kvm": true,
            "mac": null,
            "machine": "",
            "memory": 4096,
            "name": "k3s-worker-41",
            "nameserver": "",
            "network": [
              {
                "bridge": "vmbr0",
                "firewall": false,
                "link_down": false,
                "macaddr": "FE:99:BA:25:52:B5",
                "model": "virtio",
                "mtu": 0,
                "queues": 0,
                "rate": 0,
                "tag": -1
              }
            ],
            "nic": null,
            "numa": false,
            "onboot": false,
            "oncreate": true,
            "os_network_config": null,
            "os_type": "cloud-init",
            "pool": "",
            "preprovision": true,
            "pxe": null,
            "qemu_os": "other",
            "reboot_required": false,
            "scsihw": "virtio-scsi-pci",
            "searchdomain": "",
            "serial": [],
            "sockets": 1,
            "ssh_forward_ip": null,
            "ssh_host": "10.0.9.142",
            "ssh_port": "22",
            "ssh_private_key": null,
            "ssh_user": null,
            "sshkeys": "ssh-rsa AAAAB3NzaC1yc2EAAAADAQABAAABgQCcF1A9VFjMc6UAHTV6oAjqoCl5T06bBWAFtxPeWvXpPGHHmGbm8uPWrBT+OshDykP0mrEri163Uc8iujVmzSxqNBQWBMSA5C6EzqyjvswQf0zy0nCOqpqt0R+gTRckHG0Q4P5wjd3aP6UGR3B1+4YtKT72Ynx9xV1cm7SHrD0DGOB2Au4459M6iF+gmUCrMHLopkfCnauzl/DL/tzTX2IaAOigMKhKzuF5kIxiRLnm9XQVxj3BmVNlfGh4/qSmRYje0pjkR5qklHU7A+VLivhDeifP0ff9RwnofsCM1RQ4Rg43AXMFp+pAB37RQLWwGZzVM/4xQUcpVq/v3jvJJRaIgQHXYmNunUiWwsfHvhRpT7tH1MgrCsy/vCFOXQFOiwcOdc4TtURGg2XcPRfXcvO71sCeTvTprPvc+Glz0UxKxTL/m1g3ssUWn7U8kk+nL96UX5yPOo4JleNGTEHxUB1OOLWeyWTJtunJK8spz6k22JYukdZvBXpod9s7IWThBFU= vivishadow@126.com\n\n",
            "startup": "",
            "storage": null,
            "storage_type": null,
            "tablet": true,
            "tags": "worker",
            "target_node": "pve",
            "timeouts": null,
            "unused_disk": [],
            "usb": [],
            "vcpus": 0,
            "vga": [],
            "vlan": -1,
            "vmid": 242
          },
          "sensitive_attributes": [],
          "private": "eyJlMmJmYjczMC1lY2FhLTExZTYtOGY4OC0zNDM2M2JjN2M0YzAiOnsiY3JlYXRlIjoxMjAwMDAwMDAwMDAwLCJkZWZhdWx0IjoxMjAwMDAwMDAwMDAwLCJkZWxldGUiOjEyMDAwMDAwMDAwMDAsInJlYWQiOjEyMDAwMDAwMDAwMDAsInVwZGF0ZSI6MTIwMDAwMDAwMDAwMH19",
          "dependencies": [
            "proxmox_vm_qemu.control-plane"
          ]
        }
      ]
    }
  ],
  "check_results": null
}
