{
  "version": 4,
  "terraform_version": "1.1.9",
  "serial": 37,
  "lineage": "a6486b9f-384c-5ba1-27e9-2fd738c7ac36",
  "outputs": {},
  "resources": [
    {
      "mode": "managed",
      "type": "proxmox_vm_qemu",
      "name": "test_server",
      "provider": "provider[\"registry.terraform.io/telmate/proxmox\"]",
      "instances": [
        {
          "status": "tainted",
          "schema_version": 0,
          "attributes": {
            "additional_wait": 0,
            "agent": 1,
            "args": null,
            "automatic_reboot": true,
            "balloon": 0,
            "bios": "seabios",
            "boot": "c",
            "bootdisk": "scsi0",
            "bridge": null,
            "ci_wait": null,
            "cicustom": null,
            "cipassword": null,
            "ciuser": "ubuntu",
            "clone": "ubuntu-2004-cloudinit-template",
            "clone_wait": 0,
            "cloudinit_cdrom_storage": null,
            "cores": 4,
            "cpu": "host",
            "default_ipv4_address": null,
            "define_connection_info": true,
            "desc": "Ubuntu develop environment",
            "disk": [
              {
                "aio": "",
                "backup": 0,
                "cache": "none",
                "discard": "",
                "file": "",
                "format": "",
                "iothread": 1,
                "mbps": 0,
                "mbps_rd": 0,
                "mbps_rd_max": 0,
                "mbps_wr": 0,
                "mbps_wr_max": 0,
                "media": "",
                "replicate": 0,
                "size": "10G",
                "slot": 0,
                "ssd": 0,
                "storage": "local-lvm",
                "storage_type": "",
                "type": "scsi",
                "volume": ""
              }
            ],
            "disk_gb": null,
            "force_create": false,
            "force_recreate_on_change_of": null,
            "full_clone": true,
            "guest_agent_ready_timeout": 100,
            "hagroup": null,
            "hastate": null,
            "hotplug": "network,disk,usb",
            "id": "pvehome/qemu/100",
            "ipconfig0": "ip=192.168.1.51/24,gw=192.168.1.231",
            "ipconfig1": null,
            "ipconfig2": null,
            "ipconfig3": null,
            "ipconfig4": null,
            "ipconfig5": null,
            "iso": null,
            "kvm": true,
            "mac": null,
            "memory": 4096,
            "name": "tf-ubt-01",
            "nameserver": null,
            "network": [
              {
                "bridge": "vmbr0",
                "firewall": false,
                "link_down": false,
                "macaddr": "",
                "model": "virtio",
                "mtu": 0,
                "queues": 0,
                "rate": 0,
                "tag": -1
              }
            ],
            "nic": null,
            "numa": false,
            "onboot": false,
            "oncreate": true,
            "os_network_config": null,
            "os_type": "cloud-init",
            "pool": null,
            "preprovision": true,
            "pxe": null,
            "qemu_os": null,
            "reboot_required": null,
            "scsihw": "virtio-scsi-pci",
            "searchdomain": null,
            "serial": [],
            "sockets": 1,
            "ssh_forward_ip": null,
            "ssh_host": null,
            "ssh_port": null,
            "ssh_private_key": null,
            "ssh_user": null,
            "sshkeys": "  ssh-rsa AAAAB3NzaC1yc2EAAAADAQABAAABgQCcF1A9VFjMc6UAHTV6oAjqoCl5T06bBWAFtxPeWvXpPGHHmGbm8uPWrBT+OshDykP0mrEri163Uc8iujVmzSxqNBQWBMSA5C6EzqyjvswQf0zy0nCOqpqt0R+gTRckHG0Q4P5wjd3aP6UGR3B1+4YtKT72Ynx9xV1cm7SHrD0DGOB2Au4459M6iF+gmUCrMHLopkfCnauzl/DL/tzTX2IaAOigMKhKzuF5kIxiRLnm9XQVxj3BmVNlfGh4/qSmRYje0pjkR5qklHU7A+VLivhDeifP0ff9RwnofsCM1RQ4Rg43AXMFp+pAB37RQLWwGZzVM/4xQUcpVq/v3jvJJRaIgQHXYmNunUiWwsfHvhRpT7tH1MgrCsy/vCFOXQFOiwcOdc4TtURGg2XcPRfXcvO71sCeTvTprPvc+Glz0UxKxTL/m1g3ssUWn7U8kk+nL96UX5yPOo4JleNGTEHxUB1OOLWeyWTJtunJK8spz6k22JYukdZvBXpod9s7IWThBFU= vivishadow@126.com\n",
            "storage": null,
            "storage_type": null,
            "tablet": true,
            "tags": null,
            "target_node": "pvehome",
            "timeouts": null,
            "unused_disk": null,
            "usb": [],
            "vcpus": 0,
            "vga": [],
            "vlan": -1,
            "vmid": null
          },
          "sensitive_attributes": [],
          "private": "eyJlMmJmYjczMC1lY2FhLTExZTYtOGY4OC0zNDM2M2JjN2M0YzAiOnsiY3JlYXRlIjozMDAwMDAwMDAwMDAsImRlZmF1bHQiOjMwMDAwMDAwMDAwMCwiZGVsZXRlIjoxODAwMDAwMDAwMDAsInJlYWQiOjE4MDAwMDAwMDAwMCwidXBkYXRlIjoxODAwMDAwMDAwMDB9fQ=="
        }
      ]
    }
  ]
}
