{
  "version": 4,
  "terraform_version": "1.2.4",
  "serial": 30,
  "lineage": "32aa8736-f3f9-f523-c23e-37143e512add",
  "outputs": {},
  "resources": [
    {
      "mode": "managed",
      "type": "proxmox_vm_qemu",
      "name": "k8s-ubt2004",
      "provider": "provider[\"registry.terraform.io/telmate/proxmox\"]",
      "instances": [
        {
          "index_key": 0,
          "schema_version": 0,
          "attributes": {
            "additional_wait": 0,
            "agent": 1,
            "args": "",
            "balloon": 0,
            "bios": "seabios",
            "boot": "c",
            "bootdisk": "scsi0",
            "bridge": "",
            "ci_wait": null,
            "cicustom": "",
            "cipassword": "03220123",
            "ciuser": "cris",
            "clone": "ubuntu-server-focal-docker-tmpl",
            "clone_wait": 0,
            "cloudinit_cdrom_storage": null,
            "cores": 2,
            "cpu": "host",
            "default_ipv4_address": "10.0.9.31",
            "define_connection_info": true,
            "desc": "Ubuntu Server Focal Image with Docker pre-installed",
            "disk": [
              {
                "backup": 0,
                "cache": "none",
                "discard": "",
                "file": "vm-131-disk-0",
                "format": "raw",
                "iothread": 1,
                "mbps": 0,
                "mbps_rd": 0,
                "mbps_rd_max": 0,
                "mbps_wr": 0,
                "mbps_wr_max": 0,
                "media": "",
                "replicate": 0,
                "size": "60G",
                "slot": 0,
                "ssd": 0,
                "storage": "sn750wd2t",
                "storage_type": "lvmthin",
                "type": "scsi",
                "volume": "sn750wd2t:vm-131-disk-0"
              }
            ],
            "disk_gb": 0,
            "force_create": false,
            "force_recreate_on_change_of": null,
            "full_clone": true,
            "guest_agent_ready_timeout": 100,
            "hagroup": "",
            "hastate": "",
            "hotplug": "network,disk,usb",
            "id": "pve/qemu/131",
            "ipconfig0": "ip=10.0.9.31/24,gw=10.0.9.21",
            "ipconfig1": "",
            "ipconfig2": "",
            "ipconfig3": "",
            "ipconfig4": "",
            "ipconfig5": "",
            "iso": null,
            "kvm": true,
            "mac": "",
            "memory": 4096,
            "name": "k8s-vm3-1",
            "nameserver": "",
            "network": [
              {
                "bridge": "vmbr0",
                "firewall": false,
                "link_down": false,
                "macaddr": "A2:81:2E:CA:05:19",
                "model": "virtio",
                "queues": 0,
                "rate": 0,
                "tag": -1
              }
            ],
            "nic": "",
            "numa": false,
            "onboot": false,
            "oncreate": true,
            "os_network_config": null,
            "os_type": "cloud-init",
            "pool": "",
            "preprovision": true,
            "qemu_os": "other",
            "reboot_required": false,
            "scsihw": "virtio-scsi-pci",
            "searchdomain": "",
            "serial": [],
            "sockets": 1,
            "ssh_forward_ip": null,
            "ssh_host": "10.0.9.31",
            "ssh_port": "22",
            "ssh_private_key": null,
            "ssh_user": null,
            "sshkeys": "  ssh-rsa AAAAB3NzaC1yc2EAAAADAQABAAABgQCcF1A9VFjMc6UAHTV6oAjqoCl5T06bBWAFtxPeWvXpPGHHmGbm8uPWrBT+OshDykP0mrEri163Uc8iujVmzSxqNBQWBMSA5C6EzqyjvswQf0zy0nCOqpqt0R+gTRckHG0Q4P5wjd3aP6UGR3B1+4YtKT72Ynx9xV1cm7SHrD0DGOB2Au4459M6iF+gmUCrMHLopkfCnauzl/DL/tzTX2IaAOigMKhKzuF5kIxiRLnm9XQVxj3BmVNlfGh4/qSmRYje0pjkR5qklHU7A+VLivhDeifP0ff9RwnofsCM1RQ4Rg43AXMFp+pAB37RQLWwGZzVM/4xQUcpVq/v3jvJJRaIgQHXYmNunUiWwsfHvhRpT7tH1MgrCsy/vCFOXQFOiwcOdc4TtURGg2XcPRfXcvO71sCeTvTprPvc+Glz0UxKxTL/m1g3ssUWn7U8kk+nL96UX5yPOo4JleNGTEHxUB1OOLWeyWTJtunJK8spz6k22JYukdZvBXpod9s7IWThBFU= vivishadow@126.com\n\n",
            "storage": "",
            "storage_type": "",
            "tablet": true,
            "tags": "",
            "target_node": "pve",
            "timeouts": null,
            "unused_disk": [],
            "vcpus": 0,
            "vga": [],
            "vlan": -1,
            "vmid": 131
          },
          "sensitive_attributes": [],
          "private": "eyJlMmJmYjczMC1lY2FhLTExZTYtOGY4OC0zNDM2M2JjN2M0YzAiOnsiY3JlYXRlIjozMDAwMDAwMDAwMDAsImRlZmF1bHQiOjMwMDAwMDAwMDAwMCwiZGVsZXRlIjoxODAwMDAwMDAwMDAsInJlYWQiOjE4MDAwMDAwMDAwMCwidXBkYXRlIjoxODAwMDAwMDAwMDB9fQ=="
        },
        {
          "index_key": 1,
          "schema_version": 0,
          "attributes": {
            "additional_wait": 0,
            "agent": 1,
            "args": "",
            "balloon": 0,
            "bios": "seabios",
            "boot": "c",
            "bootdisk": "scsi0",
            "bridge": "",
            "ci_wait": null,
            "cicustom": "",
            "cipassword": "03220123",
            "ciuser": "cris",
            "clone": "ubuntu-server-focal-docker-tmpl",
            "clone_wait": 0,
            "cloudinit_cdrom_storage": null,
            "cores": 2,
            "cpu": "host",
            "default_ipv4_address": "10.0.9.32",
            "define_connection_info": true,
            "desc": "Ubuntu Server Focal Image with Docker pre-installed",
            "disk": [
              {
                "backup": 0,
                "cache": "none",
                "discard": "",
                "file": "vm-132-disk-0",
                "format": "raw",
                "iothread": 0,
                "mbps": 0,
                "mbps_rd": 0,
                "mbps_rd_max": 0,
                "mbps_wr": 0,
                "mbps_wr_max": 0,
                "media": "",
                "replicate": 0,
                "size": "60G",
                "slot": 0,
                "ssd": 0,
                "storage": "sn750wd2t",
                "storage_type": "lvmthin",
                "type": "virtio",
                "volume": "sn750wd2t:vm-132-disk-0"
              }
            ],
            "disk_gb": 0,
            "force_create": false,
            "force_recreate_on_change_of": null,
            "full_clone": true,
            "guest_agent_ready_timeout": 100,
            "hagroup": "",
            "hastate": "",
            "hotplug": "network,disk,usb",
            "id": "pve/qemu/132",
            "ipconfig0": "ip=10.0.9.32/24,gw=10.0.9.21",
            "ipconfig1": "",
            "ipconfig2": "",
            "ipconfig3": "",
            "ipconfig4": "",
            "ipconfig5": "",
            "iso": null,
            "kvm": true,
            "mac": "",
            "memory": 4096,
            "name": "k8s-vm3-2",
            "nameserver": "",
            "network": [
              {
                "bridge": "vmbr0",
                "firewall": false,
                "link_down": false,
                "macaddr": "CA:D4:CB:61:42:90",
                "model": "virtio",
                "queues": 0,
                "rate": 0,
                "tag": -1
              }
            ],
            "nic": "",
            "numa": false,
            "onboot": false,
            "oncreate": true,
            "os_network_config": null,
            "os_type": "cloud-init",
            "pool": "",
            "preprovision": true,
            "qemu_os": "other",
            "reboot_required": false,
            "scsihw": "virtio-scsi-pci",
            "searchdomain": "",
            "serial": [],
            "sockets": 1,
            "ssh_forward_ip": null,
            "ssh_host": "10.0.9.32",
            "ssh_port": "22",
            "ssh_private_key": null,
            "ssh_user": null,
            "sshkeys": "  ssh-rsa AAAAB3NzaC1yc2EAAAADAQABAAABgQCcF1A9VFjMc6UAHTV6oAjqoCl5T06bBWAFtxPeWvXpPGHHmGbm8uPWrBT+OshDykP0mrEri163Uc8iujVmzSxqNBQWBMSA5C6EzqyjvswQf0zy0nCOqpqt0R+gTRckHG0Q4P5wjd3aP6UGR3B1+4YtKT72Ynx9xV1cm7SHrD0DGOB2Au4459M6iF+gmUCrMHLopkfCnauzl/DL/tzTX2IaAOigMKhKzuF5kIxiRLnm9XQVxj3BmVNlfGh4/qSmRYje0pjkR5qklHU7A+VLivhDeifP0ff9RwnofsCM1RQ4Rg43AXMFp+pAB37RQLWwGZzVM/4xQUcpVq/v3jvJJRaIgQHXYmNunUiWwsfHvhRpT7tH1MgrCsy/vCFOXQFOiwcOdc4TtURGg2XcPRfXcvO71sCeTvTprPvc+Glz0UxKxTL/m1g3ssUWn7U8kk+nL96UX5yPOo4JleNGTEHxUB1OOLWeyWTJtunJK8spz6k22JYukdZvBXpod9s7IWThBFU= vivishadow@126.com\n\n",
            "storage": "",
            "storage_type": "",
            "tablet": true,
            "tags": "",
            "target_node": "pve",
            "timeouts": null,
            "unused_disk": [],
            "vcpus": 0,
            "vga": [],
            "vlan": -1,
            "vmid": 132
          },
          "sensitive_attributes": [],
          "private": "eyJlMmJmYjczMC1lY2FhLTExZTYtOGY4OC0zNDM2M2JjN2M0YzAiOnsiY3JlYXRlIjozMDAwMDAwMDAwMDAsImRlZmF1bHQiOjMwMDAwMDAwMDAwMCwiZGVsZXRlIjoxODAwMDAwMDAwMDAsInJlYWQiOjE4MDAwMDAwMDAwMCwidXBkYXRlIjoxODAwMDAwMDAwMDB9fQ=="
        },
        {
          "index_key": 2,
          "schema_version": 0,
          "attributes": {
            "additional_wait": 0,
            "agent": 1,
            "args": "",
            "balloon": 0,
            "bios": "seabios",
            "boot": "c",
            "bootdisk": "scsi0",
            "bridge": "",
            "ci_wait": null,
            "cicustom": "",
            "cipassword": "03220123",
            "ciuser": "cris",
            "clone": "ubuntu-server-focal-docker-tmpl",
            "clone_wait": 0,
            "cloudinit_cdrom_storage": null,
            "cores": 2,
            "cpu": "host",
            "default_ipv4_address": "10.0.9.33",
            "define_connection_info": true,
            "desc": "Ubuntu Server Focal Image with Docker pre-installed",
            "disk": [
              {
                "backup": 0,
                "cache": "none",
                "discard": "",
                "file": "vm-133-disk-0",
                "format": "raw",
                "iothread": 1,
                "mbps": 0,
                "mbps_rd": 0,
                "mbps_rd_max": 0,
                "mbps_wr": 0,
                "mbps_wr_max": 0,
                "media": "",
                "replicate": 0,
                "size": "60G",
                "slot": 0,
                "ssd": 0,
                "storage": "sn750wd2t",
                "storage_type": "lvmthin",
                "type": "scsi",
                "volume": "sn750wd2t:vm-133-disk-0"
              }
            ],
            "disk_gb": 0,
            "force_create": false,
            "force_recreate_on_change_of": null,
            "full_clone": true,
            "guest_agent_ready_timeout": 100,
            "hagroup": "",
            "hastate": "",
            "hotplug": "network,disk,usb",
            "id": "pve/qemu/133",
            "ipconfig0": "ip=10.0.9.33/24,gw=10.0.9.21",
            "ipconfig1": "",
            "ipconfig2": "",
            "ipconfig3": "",
            "ipconfig4": "",
            "ipconfig5": "",
            "iso": null,
            "kvm": true,
            "mac": "",
            "memory": 4096,
            "name": "k8s-vm3-3",
            "nameserver": "",
            "network": [
              {
                "bridge": "vmbr0",
                "firewall": false,
                "link_down": false,
                "macaddr": "F2:17:28:EE:A3:5D",
                "model": "virtio",
                "queues": 0,
                "rate": 0,
                "tag": -1
              }
            ],
            "nic": "",
            "numa": false,
            "onboot": false,
            "oncreate": true,
            "os_network_config": null,
            "os_type": "cloud-init",
            "pool": "",
            "preprovision": true,
            "qemu_os": "other",
            "reboot_required": false,
            "scsihw": "virtio-scsi-pci",
            "searchdomain": "",
            "serial": [],
            "sockets": 1,
            "ssh_forward_ip": null,
            "ssh_host": "10.0.9.33",
            "ssh_port": "22",
            "ssh_private_key": null,
            "ssh_user": null,
            "sshkeys": "  ssh-rsa AAAAB3NzaC1yc2EAAAADAQABAAABgQCcF1A9VFjMc6UAHTV6oAjqoCl5T06bBWAFtxPeWvXpPGHHmGbm8uPWrBT+OshDykP0mrEri163Uc8iujVmzSxqNBQWBMSA5C6EzqyjvswQf0zy0nCOqpqt0R+gTRckHG0Q4P5wjd3aP6UGR3B1+4YtKT72Ynx9xV1cm7SHrD0DGOB2Au4459M6iF+gmUCrMHLopkfCnauzl/DL/tzTX2IaAOigMKhKzuF5kIxiRLnm9XQVxj3BmVNlfGh4/qSmRYje0pjkR5qklHU7A+VLivhDeifP0ff9RwnofsCM1RQ4Rg43AXMFp+pAB37RQLWwGZzVM/4xQUcpVq/v3jvJJRaIgQHXYmNunUiWwsfHvhRpT7tH1MgrCsy/vCFOXQFOiwcOdc4TtURGg2XcPRfXcvO71sCeTvTprPvc+Glz0UxKxTL/m1g3ssUWn7U8kk+nL96UX5yPOo4JleNGTEHxUB1OOLWeyWTJtunJK8spz6k22JYukdZvBXpod9s7IWThBFU= vivishadow@126.com\n\n",
            "storage": "",
            "storage_type": "",
            "tablet": true,
            "tags": "",
            "target_node": "pve",
            "timeouts": null,
            "unused_disk": [],
            "vcpus": 0,
            "vga": [],
            "vlan": -1,
            "vmid": 133
          },
          "sensitive_attributes": [],
          "private": "eyJlMmJmYjczMC1lY2FhLTExZTYtOGY4OC0zNDM2M2JjN2M0YzAiOnsiY3JlYXRlIjozMDAwMDAwMDAwMDAsImRlZmF1bHQiOjMwMDAwMDAwMDAwMCwiZGVsZXRlIjoxODAwMDAwMDAwMDAsInJlYWQiOjE4MDAwMDAwMDAwMCwidXBkYXRlIjoxODAwMDAwMDAwMDB9fQ=="
        },
        {
          "index_key": 3,
          "schema_version": 0,
          "attributes": {
            "additional_wait": 0,
            "agent": 1,
            "args": "",
            "balloon": 0,
            "bios": "seabios",
            "boot": "c",
            "bootdisk": "scsi0",
            "bridge": "",
            "ci_wait": null,
            "cicustom": "",
            "cipassword": "03220123",
            "ciuser": "cris",
            "clone": "ubuntu-server-focal-docker-tmpl",
            "clone_wait": 0,
            "cloudinit_cdrom_storage": null,
            "cores": 2,
            "cpu": "host",
            "default_ipv4_address": "10.0.9.34",
            "define_connection_info": true,
            "desc": "Ubuntu Server Focal Image with Docker pre-installed",
            "disk": [
              {
                "backup": 0,
                "cache": "none",
                "discard": "",
                "file": "vm-134-disk-0",
                "format": "raw",
                "iothread": 0,
                "mbps": 0,
                "mbps_rd": 0,
                "mbps_rd_max": 0,
                "mbps_wr": 0,
                "mbps_wr_max": 0,
                "media": "",
                "replicate": 0,
                "size": "60G",
                "slot": 0,
                "ssd": 0,
                "storage": "sn750wd2t",
                "storage_type": "lvmthin",
                "type": "virtio",
                "volume": "sn750wd2t:vm-134-disk-0"
              }
            ],
            "disk_gb": 0,
            "force_create": false,
            "force_recreate_on_change_of": null,
            "full_clone": true,
            "guest_agent_ready_timeout": 100,
            "hagroup": "",
            "hastate": "",
            "hotplug": "network,disk,usb",
            "id": "pve/qemu/134",
            "ipconfig0": "ip=10.0.9.34/24,gw=10.0.9.21",
            "ipconfig1": "",
            "ipconfig2": "",
            "ipconfig3": "",
            "ipconfig4": "",
            "ipconfig5": "",
            "iso": null,
            "kvm": true,
            "mac": "",
            "memory": 4096,
            "name": "k8s-vm3-4",
            "nameserver": "",
            "network": [
              {
                "bridge": "vmbr0",
                "firewall": false,
                "link_down": false,
                "macaddr": "EE:83:34:88:12:57",
                "model": "virtio",
                "queues": 0,
                "rate": 0,
                "tag": -1
              }
            ],
            "nic": "",
            "numa": false,
            "onboot": false,
            "oncreate": true,
            "os_network_config": null,
            "os_type": "cloud-init",
            "pool": "",
            "preprovision": true,
            "qemu_os": "other",
            "reboot_required": false,
            "scsihw": "virtio-scsi-pci",
            "searchdomain": "",
            "serial": [],
            "sockets": 1,
            "ssh_forward_ip": null,
            "ssh_host": "10.0.9.34",
            "ssh_port": "22",
            "ssh_private_key": null,
            "ssh_user": null,
            "sshkeys": "  ssh-rsa AAAAB3NzaC1yc2EAAAADAQABAAABgQCcF1A9VFjMc6UAHTV6oAjqoCl5T06bBWAFtxPeWvXpPGHHmGbm8uPWrBT+OshDykP0mrEri163Uc8iujVmzSxqNBQWBMSA5C6EzqyjvswQf0zy0nCOqpqt0R+gTRckHG0Q4P5wjd3aP6UGR3B1+4YtKT72Ynx9xV1cm7SHrD0DGOB2Au4459M6iF+gmUCrMHLopkfCnauzl/DL/tzTX2IaAOigMKhKzuF5kIxiRLnm9XQVxj3BmVNlfGh4/qSmRYje0pjkR5qklHU7A+VLivhDeifP0ff9RwnofsCM1RQ4Rg43AXMFp+pAB37RQLWwGZzVM/4xQUcpVq/v3jvJJRaIgQHXYmNunUiWwsfHvhRpT7tH1MgrCsy/vCFOXQFOiwcOdc4TtURGg2XcPRfXcvO71sCeTvTprPvc+Glz0UxKxTL/m1g3ssUWn7U8kk+nL96UX5yPOo4JleNGTEHxUB1OOLWeyWTJtunJK8spz6k22JYukdZvBXpod9s7IWThBFU= vivishadow@126.com\n\n",
            "storage": "",
            "storage_type": "",
            "tablet": true,
            "tags": "",
            "target_node": "pve",
            "timeouts": null,
            "unused_disk": [],
            "vcpus": 0,
            "vga": [],
            "vlan": -1,
            "vmid": 134
          },
          "sensitive_attributes": [],
          "private": "eyJlMmJmYjczMC1lY2FhLTExZTYtOGY4OC0zNDM2M2JjN2M0YzAiOnsiY3JlYXRlIjozMDAwMDAwMDAwMDAsImRlZmF1bHQiOjMwMDAwMDAwMDAwMCwiZGVsZXRlIjoxODAwMDAwMDAwMDAsInJlYWQiOjE4MDAwMDAwMDAwMCwidXBkYXRlIjoxODAwMDAwMDAwMDB9fQ=="
        },
        {
          "index_key": 4,
          "schema_version": 0,
          "attributes": {
            "additional_wait": 0,
            "agent": 1,
            "args": "",
            "balloon": 0,
            "bios": "seabios",
            "boot": "c",
            "bootdisk": "scsi0",
            "bridge": "",
            "ci_wait": null,
            "cicustom": "",
            "cipassword": "03220123",
            "ciuser": "cris",
            "clone": "ubuntu-server-focal-docker-tmpl",
            "clone_wait": 0,
            "cloudinit_cdrom_storage": null,
            "cores": 2,
            "cpu": "host",
            "default_ipv4_address": "10.0.9.35",
            "define_connection_info": true,
            "desc": "Ubuntu Server Focal Image with Docker pre-installed",
            "disk": [
              {
                "backup": 0,
                "cache": "none",
                "discard": "",
                "file": "vm-135-disk-0",
                "format": "raw",
                "iothread": 0,
                "mbps": 0,
                "mbps_rd": 0,
                "mbps_rd_max": 0,
                "mbps_wr": 0,
                "mbps_wr_max": 0,
                "media": "",
                "replicate": 0,
                "size": "60G",
                "slot": 0,
                "ssd": 0,
                "storage": "sn750wd2t",
                "storage_type": "lvmthin",
                "type": "virtio",
                "volume": "sn750wd2t:vm-135-disk-0"
              }
            ],
            "disk_gb": 0,
            "force_create": false,
            "force_recreate_on_change_of": null,
            "full_clone": true,
            "guest_agent_ready_timeout": 100,
            "hagroup": "",
            "hastate": "",
            "hotplug": "network,disk,usb",
            "id": "pve/qemu/135",
            "ipconfig0": "ip=10.0.9.35/24,gw=10.0.9.21",
            "ipconfig1": "",
            "ipconfig2": "",
            "ipconfig3": "",
            "ipconfig4": "",
            "ipconfig5": "",
            "iso": null,
            "kvm": true,
            "mac": "",
            "memory": 4096,
            "name": "k8s-vm3-5",
            "nameserver": "",
            "network": [
              {
                "bridge": "vmbr0",
                "firewall": false,
                "link_down": false,
                "macaddr": "D2:C6:BD:42:DF:58",
                "model": "virtio",
                "queues": 0,
                "rate": 0,
                "tag": -1
              }
            ],
            "nic": "",
            "numa": false,
            "onboot": false,
            "oncreate": true,
            "os_network_config": null,
            "os_type": "cloud-init",
            "pool": "",
            "preprovision": true,
            "qemu_os": "other",
            "reboot_required": false,
            "scsihw": "virtio-scsi-pci",
            "searchdomain": "",
            "serial": [],
            "sockets": 1,
            "ssh_forward_ip": null,
            "ssh_host": "10.0.9.35",
            "ssh_port": "22",
            "ssh_private_key": null,
            "ssh_user": null,
            "sshkeys": "  ssh-rsa AAAAB3NzaC1yc2EAAAADAQABAAABgQCcF1A9VFjMc6UAHTV6oAjqoCl5T06bBWAFtxPeWvXpPGHHmGbm8uPWrBT+OshDykP0mrEri163Uc8iujVmzSxqNBQWBMSA5C6EzqyjvswQf0zy0nCOqpqt0R+gTRckHG0Q4P5wjd3aP6UGR3B1+4YtKT72Ynx9xV1cm7SHrD0DGOB2Au4459M6iF+gmUCrMHLopkfCnauzl/DL/tzTX2IaAOigMKhKzuF5kIxiRLnm9XQVxj3BmVNlfGh4/qSmRYje0pjkR5qklHU7A+VLivhDeifP0ff9RwnofsCM1RQ4Rg43AXMFp+pAB37RQLWwGZzVM/4xQUcpVq/v3jvJJRaIgQHXYmNunUiWwsfHvhRpT7tH1MgrCsy/vCFOXQFOiwcOdc4TtURGg2XcPRfXcvO71sCeTvTprPvc+Glz0UxKxTL/m1g3ssUWn7U8kk+nL96UX5yPOo4JleNGTEHxUB1OOLWeyWTJtunJK8spz6k22JYukdZvBXpod9s7IWThBFU= vivishadow@126.com\n\n",
            "storage": "",
            "storage_type": "",
            "tablet": true,
            "tags": "",
            "target_node": "pve",
            "timeouts": null,
            "unused_disk": [],
            "vcpus": 0,
            "vga": [],
            "vlan": -1,
            "vmid": 135
          },
          "sensitive_attributes": [],
          "private": "eyJlMmJmYjczMC1lY2FhLTExZTYtOGY4OC0zNDM2M2JjN2M0YzAiOnsiY3JlYXRlIjozMDAwMDAwMDAwMDAsImRlZmF1bHQiOjMwMDAwMDAwMDAwMCwiZGVsZXRlIjoxODAwMDAwMDAwMDAsInJlYWQiOjE4MDAwMDAwMDAwMCwidXBkYXRlIjoxODAwMDAwMDAwMDB9fQ=="
        }
      ]
    }
  ]
}
