{
  "version": 4,
  "terraform_version": "1.2.4",
  "serial": 16,
  "lineage": "db611175-dfac-0edb-21bb-498dde12f625",
  "outputs": {},
  "resources": [
    {
      "mode": "managed",
      "type": "proxmox_vm_qemu",
      "name": "k8s-home",
      "provider": "provider[\"registry.terraform.io/telmate/proxmox\"]",
      "instances": [
        {
          "index_key": 2,
          "schema_version": 0,
          "attributes": {
            "additional_wait": 0,
            "agent": 1,
            "args": "",
            "balloon": 0,
            "bios": "seabios",
            "boot": "c",
            "bootdisk": "scsi0",
            "bridge": "",
            "ci_wait": null,
            "cicustom": "",
            "cipassword": "03220123",
            "ciuser": "cris",
            "clone": "ubuntu-server-focal-tmpl",
            "clone_wait": 0,
            "cloudinit_cdrom_storage": null,
            "cores": 2,
            "cpu": "host",
            "default_ipv4_address": "10.0.9.53",
            "define_connection_info": true,
            "desc": "Ubuntu Server Focal Image",
            "disk": [
              {
                "backup": 0,
                "cache": "none",
                "discard": "",
                "file": "vm-153-disk-0",
                "format": "raw",
                "iothread": 0,
                "mbps": 0,
                "mbps_rd": 0,
                "mbps_rd_max": 0,
                "mbps_wr": 0,
                "mbps_wr_max": 0,
                "media": "",
                "replicate": 0,
                "size": "80G",
                "slot": 0,
                "ssd": 0,
                "storage": "sn750wd2t",
                "storage_type": "lvmthin",
                "type": "virtio",
                "volume": "sn750wd2t:vm-153-disk-0"
              }
            ],
            "disk_gb": 0,
            "force_create": false,
            "force_recreate_on_change_of": null,
            "full_clone": true,
            "guest_agent_ready_timeout": 100,
            "hagroup": "",
            "hastate": "",
            "hotplug": "network,disk,usb",
            "id": "pve/qemu/153",
            "ipconfig0": "ip=10.0.9.53/24,gw=10.0.9.21",
            "ipconfig1": "",
            "ipconfig2": "",
            "ipconfig3": "",
            "ipconfig4": "",
            "ipconfig5": "",
            "iso": null,
            "kvm": true,
            "mac": "",
            "memory": 4096,
            "name": "k8s-home-53",
            "nameserver": "",
            "network": [
              {
                "bridge": "vmbr0",
                "firewall": false,
                "link_down": false,
                "macaddr": "F6:39:0C:F5:63:01",
                "model": "virtio",
                "queues": 0,
                "rate": 0,
                "tag": -1
              }
            ],
            "nic": "",
            "numa": false,
            "onboot": false,
            "oncreate": true,
            "os_network_config": null,
            "os_type": "cloud-init",
            "pool": "",
            "preprovision": true,
            "qemu_os": "other",
            "reboot_required": false,
            "scsihw": "virtio-scsi-pci",
            "searchdomain": "",
            "serial": [],
            "sockets": 1,
            "ssh_forward_ip": null,
            "ssh_host": "10.0.9.53",
            "ssh_port": "22",
            "ssh_private_key": null,
            "ssh_user": null,
            "sshkeys": "  ssh-rsa AAAAB3NzaC1yc2EAAAADAQABAAABgQCcF1A9VFjMc6UAHTV6oAjqoCl5T06bBWAFtxPeWvXpPGHHmGbm8uPWrBT+OshDykP0mrEri163Uc8iujVmzSxqNBQWBMSA5C6EzqyjvswQf0zy0nCOqpqt0R+gTRckHG0Q4P5wjd3aP6UGR3B1+4YtKT72Ynx9xV1cm7SHrD0DGOB2Au4459M6iF+gmUCrMHLopkfCnauzl/DL/tzTX2IaAOigMKhKzuF5kIxiRLnm9XQVxj3BmVNlfGh4/qSmRYje0pjkR5qklHU7A+VLivhDeifP0ff9RwnofsCM1RQ4Rg43AXMFp+pAB37RQLWwGZzVM/4xQUcpVq/v3jvJJRaIgQHXYmNunUiWwsfHvhRpT7tH1MgrCsy/vCFOXQFOiwcOdc4TtURGg2XcPRfXcvO71sCeTvTprPvc+Glz0UxKxTL/m1g3ssUWn7U8kk+nL96UX5yPOo4JleNGTEHxUB1OOLWeyWTJtunJK8spz6k22JYukdZvBXpod9s7IWThBFU= vivishadow@126.com\n\n",
            "storage": "",
            "storage_type": "",
            "tablet": true,
            "tags": "",
            "target_node": "pve",
            "timeouts": null,
            "unused_disk": [],
            "vcpus": 0,
            "vga": [],
            "vlan": -1,
            "vmid": 153
          },
          "sensitive_attributes": [],
          "private": "eyJlMmJmYjczMC1lY2FhLTExZTYtOGY4OC0zNDM2M2JjN2M0YzAiOnsiY3JlYXRlIjozMDAwMDAwMDAwMDAsImRlZmF1bHQiOjMwMDAwMDAwMDAwMCwiZGVsZXRlIjoxODAwMDAwMDAwMDAsInJlYWQiOjE4MDAwMDAwMDAwMCwidXBkYXRlIjoxODAwMDAwMDAwMDB9fQ=="
        },
        {
          "index_key": 3,
          "schema_version": 0,
          "attributes": {
            "additional_wait": 0,
            "agent": 1,
            "args": "",
            "balloon": 0,
            "bios": "seabios",
            "boot": "c",
            "bootdisk": "scsi0",
            "bridge": "",
            "ci_wait": null,
            "cicustom": "",
            "cipassword": "03220123",
            "ciuser": "cris",
            "clone": "ubuntu-server-focal-tmpl",
            "clone_wait": 0,
            "cloudinit_cdrom_storage": null,
            "cores": 2,
            "cpu": "host",
            "default_ipv4_address": "10.0.9.54",
            "define_connection_info": true,
            "desc": "Ubuntu Server Focal Image",
            "disk": [
              {
                "backup": 0,
                "cache": "none",
                "discard": "",
                "file": "vm-154-disk-0",
                "format": "raw",
                "iothread": 1,
                "mbps": 0,
                "mbps_rd": 0,
                "mbps_rd_max": 0,
                "mbps_wr": 0,
                "mbps_wr_max": 0,
                "media": "",
                "replicate": 0,
                "size": "80G",
                "slot": 0,
                "ssd": 0,
                "storage": "sn750wd2t",
                "storage_type": "lvmthin",
                "type": "scsi",
                "volume": "sn750wd2t:vm-154-disk-0"
              }
            ],
            "disk_gb": 0,
            "force_create": false,
            "force_recreate_on_change_of": null,
            "full_clone": true,
            "guest_agent_ready_timeout": 100,
            "hagroup": "",
            "hastate": "",
            "hotplug": "network,disk,usb",
            "id": "pve/qemu/154",
            "ipconfig0": "ip=10.0.9.54/24,gw=10.0.9.21",
            "ipconfig1": "",
            "ipconfig2": "",
            "ipconfig3": "",
            "ipconfig4": "",
            "ipconfig5": "",
            "iso": null,
            "kvm": true,
            "mac": "",
            "memory": 4096,
            "name": "k8s-home-54",
            "nameserver": "",
            "network": [
              {
                "bridge": "vmbr0",
                "firewall": false,
                "link_down": false,
                "macaddr": "AA:0E:69:D4:1B:D4",
                "model": "virtio",
                "queues": 0,
                "rate": 0,
                "tag": -1
              }
            ],
            "nic": "",
            "numa": false,
            "onboot": false,
            "oncreate": true,
            "os_network_config": null,
            "os_type": "cloud-init",
            "pool": "",
            "preprovision": true,
            "qemu_os": "other",
            "reboot_required": false,
            "scsihw": "virtio-scsi-pci",
            "searchdomain": "",
            "serial": [],
            "sockets": 1,
            "ssh_forward_ip": null,
            "ssh_host": "10.0.9.54",
            "ssh_port": "22",
            "ssh_private_key": null,
            "ssh_user": null,
            "sshkeys": "  ssh-rsa AAAAB3NzaC1yc2EAAAADAQABAAABgQCcF1A9VFjMc6UAHTV6oAjqoCl5T06bBWAFtxPeWvXpPGHHmGbm8uPWrBT+OshDykP0mrEri163Uc8iujVmzSxqNBQWBMSA5C6EzqyjvswQf0zy0nCOqpqt0R+gTRckHG0Q4P5wjd3aP6UGR3B1+4YtKT72Ynx9xV1cm7SHrD0DGOB2Au4459M6iF+gmUCrMHLopkfCnauzl/DL/tzTX2IaAOigMKhKzuF5kIxiRLnm9XQVxj3BmVNlfGh4/qSmRYje0pjkR5qklHU7A+VLivhDeifP0ff9RwnofsCM1RQ4Rg43AXMFp+pAB37RQLWwGZzVM/4xQUcpVq/v3jvJJRaIgQHXYmNunUiWwsfHvhRpT7tH1MgrCsy/vCFOXQFOiwcOdc4TtURGg2XcPRfXcvO71sCeTvTprPvc+Glz0UxKxTL/m1g3ssUWn7U8kk+nL96UX5yPOo4JleNGTEHxUB1OOLWeyWTJtunJK8spz6k22JYukdZvBXpod9s7IWThBFU= vivishadow@126.com\n\n",
            "storage": "",
            "storage_type": "",
            "tablet": true,
            "tags": "",
            "target_node": "pve",
            "timeouts": null,
            "unused_disk": [],
            "vcpus": 0,
            "vga": [],
            "vlan": -1,
            "vmid": 154
          },
          "sensitive_attributes": [],
          "private": "eyJlMmJmYjczMC1lY2FhLTExZTYtOGY4OC0zNDM2M2JjN2M0YzAiOnsiY3JlYXRlIjozMDAwMDAwMDAwMDAsImRlZmF1bHQiOjMwMDAwMDAwMDAwMCwiZGVsZXRlIjoxODAwMDAwMDAwMDAsInJlYWQiOjE4MDAwMDAwMDAwMCwidXBkYXRlIjoxODAwMDAwMDAwMDB9fQ=="
        },
        {
          "index_key": 4,
          "schema_version": 0,
          "attributes": {
            "additional_wait": 0,
            "agent": 1,
            "args": "",
            "balloon": 0,
            "bios": "seabios",
            "boot": "c",
            "bootdisk": "scsi0",
            "bridge": "",
            "ci_wait": null,
            "cicustom": "",
            "cipassword": "03220123",
            "ciuser": "cris",
            "clone": "ubuntu-server-focal-tmpl",
            "clone_wait": 0,
            "cloudinit_cdrom_storage": null,
            "cores": 2,
            "cpu": "host",
            "default_ipv4_address": "10.0.9.55",
            "define_connection_info": true,
            "desc": "Ubuntu Server Focal Image",
            "disk": [
              {
                "backup": 0,
                "cache": "none",
                "discard": "",
                "file": "vm-155-disk-0",
                "format": "raw",
                "iothread": 0,
                "mbps": 0,
                "mbps_rd": 0,
                "mbps_rd_max": 0,
                "mbps_wr": 0,
                "mbps_wr_max": 0,
                "media": "",
                "replicate": 0,
                "size": "80G",
                "slot": 0,
                "ssd": 0,
                "storage": "sn750wd2t",
                "storage_type": "lvmthin",
                "type": "virtio",
                "volume": "sn750wd2t:vm-155-disk-0"
              }
            ],
            "disk_gb": 0,
            "force_create": false,
            "force_recreate_on_change_of": null,
            "full_clone": true,
            "guest_agent_ready_timeout": 100,
            "hagroup": "",
            "hastate": "",
            "hotplug": "network,disk,usb",
            "id": "pve/qemu/155",
            "ipconfig0": "ip=10.0.9.55/24,gw=10.0.9.21",
            "ipconfig1": "",
            "ipconfig2": "",
            "ipconfig3": "",
            "ipconfig4": "",
            "ipconfig5": "",
            "iso": null,
            "kvm": true,
            "mac": "",
            "memory": 4096,
            "name": "k8s-home-55",
            "nameserver": "",
            "network": [
              {
                "bridge": "vmbr0",
                "firewall": false,
                "link_down": false,
                "macaddr": "92:28:0C:DD:99:BA",
                "model": "virtio",
                "queues": 0,
                "rate": 0,
                "tag": -1
              }
            ],
            "nic": "",
            "numa": false,
            "onboot": false,
            "oncreate": true,
            "os_network_config": null,
            "os_type": "cloud-init",
            "pool": "",
            "preprovision": true,
            "qemu_os": "other",
            "reboot_required": false,
            "scsihw": "virtio-scsi-pci",
            "searchdomain": "",
            "serial": [],
            "sockets": 1,
            "ssh_forward_ip": null,
            "ssh_host": "10.0.9.55",
            "ssh_port": "22",
            "ssh_private_key": null,
            "ssh_user": null,
            "sshkeys": "  ssh-rsa AAAAB3NzaC1yc2EAAAADAQABAAABgQCcF1A9VFjMc6UAHTV6oAjqoCl5T06bBWAFtxPeWvXpPGHHmGbm8uPWrBT+OshDykP0mrEri163Uc8iujVmzSxqNBQWBMSA5C6EzqyjvswQf0zy0nCOqpqt0R+gTRckHG0Q4P5wjd3aP6UGR3B1+4YtKT72Ynx9xV1cm7SHrD0DGOB2Au4459M6iF+gmUCrMHLopkfCnauzl/DL/tzTX2IaAOigMKhKzuF5kIxiRLnm9XQVxj3BmVNlfGh4/qSmRYje0pjkR5qklHU7A+VLivhDeifP0ff9RwnofsCM1RQ4Rg43AXMFp+pAB37RQLWwGZzVM/4xQUcpVq/v3jvJJRaIgQHXYmNunUiWwsfHvhRpT7tH1MgrCsy/vCFOXQFOiwcOdc4TtURGg2XcPRfXcvO71sCeTvTprPvc+Glz0UxKxTL/m1g3ssUWn7U8kk+nL96UX5yPOo4JleNGTEHxUB1OOLWeyWTJtunJK8spz6k22JYukdZvBXpod9s7IWThBFU= vivishadow@126.com\n\n",
            "storage": "",
            "storage_type": "",
            "tablet": true,
            "tags": "",
            "target_node": "pve",
            "timeouts": null,
            "unused_disk": [],
            "vcpus": 0,
            "vga": [],
            "vlan": -1,
            "vmid": 155
          },
          "sensitive_attributes": [],
          "private": "eyJlMmJmYjczMC1lY2FhLTExZTYtOGY4OC0zNDM2M2JjN2M0YzAiOnsiY3JlYXRlIjozMDAwMDAwMDAwMDAsImRlZmF1bHQiOjMwMDAwMDAwMDAwMCwiZGVsZXRlIjoxODAwMDAwMDAwMDAsInJlYWQiOjE4MDAwMDAwMDAwMCwidXBkYXRlIjoxODAwMDAwMDAwMDB9fQ=="
        }
      ]
    }
  ]
}
